// !$*UTF8*$!
{
	archiveVersion = 1;
	classes = {
	};
	objectVersion = 56;
	objects = {

/* Begin PBXBuildFile section */
		1EDC138C2D0DA4D0000D6AEC /* AppDelegate.swift in Sources */ = {isa = PBXBuildFile; fileRef = 1EDC138B2D0DA4D0000D6AEC /* AppDelegate.swift */; };
		1EDC138E2D0DA4D0000D6AEC /* SceneDelegate.swift in Sources */ = {isa = PBXBuildFile; fileRef = 1EDC138D2D0DA4D0000D6AEC /* SceneDelegate.swift */; };
		1EDC13902D0DA4D0000D6AEC /* ViewController.swift in Sources */ = {isa = PBXBuildFile; fileRef = 1EDC138F2D0DA4D0000D6AEC /* ViewController.swift */; };
		1EDC13932D0DA4D0000D6AEC /* Base in Resources */ = {isa = PBXBuildFile; fileRef = 1EDC13922D0DA4D0000D6AEC /* Base */; };
		1EDC13952D0DA4D3000D6AEC /* Assets.xcassets in Resources */ = {isa = PBXBuildFile; fileRef = 1EDC13942D0DA4D3000D6AEC /* Assets.xcassets */; };
		1EDC13982D0DA4D3000D6AEC /* Base in Resources */ = {isa = PBXBuildFile; fileRef = 1EDC13972D0DA4D3000D6AEC /* Base */; };
		1EDEB5462D0DAA5F003DEC18 /* Caculator.swift in Sources */ = {isa = PBXBuildFile; fileRef = 1EDEB5432D0DAA5F003DEC18 /* Caculator.swift */; };
		1EDEB5472D0DAA5F003DEC18 /* HTMLParser.swift in Sources */ = {isa = PBXBuildFile; fileRef = 1EDEB5442D0DAA5F003DEC18 /* HTMLParser.swift */; };
		1EDEB54A2D0DAA66003DEC18 /* HTMLTests.swift in Sources */ = {isa = PBXBuildFile; fileRef = 1EDEB5482D0DAA66003DEC18 /* HTMLTests.swift */; };
		1EDEB54B2D0DAA66003DEC18 /* CalculatorTests.swift in Sources */ = {isa = PBXBuildFile; fileRef = 1EDEB5492D0DAA66003DEC18 /* CalculatorTests.swift */; };
		1EDEB54E2D0DAA9F003DEC18 /* ZMarkupParser in Frameworks */ = {isa = PBXBuildFile; productRef = 1EDEB54D2D0DAA9F003DEC18 /* ZMarkupParser */; };
/* End PBXBuildFile section */

/* Begin PBXContainerItemProxy section */
		1EDC139F2D0DA4D3000D6AEC /* PBXContainerItemProxy */ = {
			isa = PBXContainerItemProxy;
			containerPortal = 1EDC13802D0DA4D0000D6AEC /* Project object */;
			proxyType = 1;
			remoteGlobalIDString = 1EDC13872D0DA4D0000D6AEC;
			remoteInfo = "iOS Project";
		};
/* End PBXContainerItemProxy section */

/* Begin PBXFileReference section */
		1EDC13882D0DA4D0000D6AEC /* iOS Project.app */ = {isa = PBXFileReference; explicitFileType = wrapper.application; includeInIndex = 0; path = "iOS Project.app"; sourceTree = BUILT_PRODUCTS_DIR; };
		1EDC138B2D0DA4D0000D6AEC /* AppDelegate.swift */ = {isa = PBXFileReference; lastKnownFileType = sourcecode.swift; path = AppDelegate.swift; sourceTree = "<group>"; };
		1EDC138D2D0DA4D0000D6AEC /* SceneDelegate.swift */ = {isa = PBXFileReference; lastKnownFileType = sourcecode.swift; path = SceneDelegate.swift; sourceTree = "<group>"; };
		1EDC138F2D0DA4D0000D6AEC /* ViewController.swift */ = {isa = PBXFileReference; lastKnownFileType = sourcecode.swift; path = ViewController.swift; sourceTree = "<group>"; };
		1EDC13922D0DA4D0000D6AEC /* Base */ = {isa = PBXFileReference; lastKnownFileType = file.storyboard; name = Base; path = Base.lproj/Main.storyboard; sourceTree = "<group>"; };
		1EDC13942D0DA4D3000D6AEC /* Assets.xcassets */ = {isa = PBXFileReference; lastKnownFileType = folder.assetcatalog; path = Assets.xcassets; sourceTree = "<group>"; };
		1EDC13972D0DA4D3000D6AEC /* Base */ = {isa = PBXFileReference; lastKnownFileType = file.storyboard; name = Base; path = Base.lproj/LaunchScreen.storyboard; sourceTree = "<group>"; };
		1EDC13992D0DA4D3000D6AEC /* Info.plist */ = {isa = PBXFileReference; lastKnownFileType = text.plist.xml; path = Info.plist; sourceTree = "<group>"; };
		1EDC139E2D0DA4D3000D6AEC /* iOS ProjectTests.xctest */ = {isa = PBXFileReference; explicitFileType = wrapper.cfbundle; includeInIndex = 0; path = "iOS ProjectTests.xctest"; sourceTree = BUILT_PRODUCTS_DIR; };
		1EDEB5432D0DAA5F003DEC18 /* Caculator.swift */ = {isa = PBXFileReference; fileEncoding = 4; lastKnownFileType = sourcecode.swift; path = Caculator.swift; sourceTree = "<group>"; };
		1EDEB5442D0DAA5F003DEC18 /* HTMLParser.swift */ = {isa = PBXFileReference; fileEncoding = 4; lastKnownFileType = sourcecode.swift; path = HTMLParser.swift; sourceTree = "<group>"; };
		1EDEB5482D0DAA66003DEC18 /* HTMLTests.swift */ = {isa = PBXFileReference; fileEncoding = 4; lastKnownFileType = sourcecode.swift; path = HTMLTests.swift; sourceTree = "<group>"; };
		1EDEB5492D0DAA66003DEC18 /* CalculatorTests.swift */ = {isa = PBXFileReference; fileEncoding = 4; lastKnownFileType = sourcecode.swift; path = CalculatorTests.swift; sourceTree = "<group>"; };
/* End PBXFileReference section */

/* Begin PBXFrameworksBuildPhase section */
		1EDC13852D0DA4D0000D6AEC /* Frameworks */ = {
			isa = PBXFrameworksBuildPhase;
			buildActionMask = 2147483647;
			files = (
				1EDEB54E2D0DAA9F003DEC18 /* ZMarkupParser in Frameworks */,
			);
			runOnlyForDeploymentPostprocessing = 0;
		};
		1EDC139B2D0DA4D3000D6AEC /* Frameworks */ = {
			isa = PBXFrameworksBuildPhase;
			buildActionMask = 2147483647;
			files = (
			);
			runOnlyForDeploymentPostprocessing = 0;
		};
/* End PBXFrameworksBuildPhase section */

/* Begin PBXGroup section */
		1EDC137F2D0DA4D0000D6AEC = {
			isa = PBXGroup;
			children = (
				1EDC138A2D0DA4D0000D6AEC /* iOS Project */,
				1EDC13A12D0DA4D3000D6AEC /* iOS ProjectTests */,
				1EDC13892D0DA4D0000D6AEC /* Products */,
			);
			sourceTree = "<group>";
		};
		1EDC13892D0DA4D0000D6AEC /* Products */ = {
			isa = PBXGroup;
			children = (
				1EDC13882D0DA4D0000D6AEC /* iOS Project.app */,
				1EDC139E2D0DA4D3000D6AEC /* iOS ProjectTests.xctest */,
			);
			name = Products;
			sourceTree = "<group>";
		};
		1EDC138A2D0DA4D0000D6AEC /* iOS Project */ = {
			isa = PBXGroup;
			children = (
				1EDC138B2D0DA4D0000D6AEC /* AppDelegate.swift */,
				1EDEB5452D0DAA5F003DEC18 /* Compoments */,
				1EDC138D2D0DA4D0000D6AEC /* SceneDelegate.swift */,
				1EDC138F2D0DA4D0000D6AEC /* ViewController.swift */,
				1EDC13912D0DA4D0000D6AEC /* Main.storyboard */,
				1EDC13942D0DA4D3000D6AEC /* Assets.xcassets */,
				1EDC13962D0DA4D3000D6AEC /* LaunchScreen.storyboard */,
				1EDC13992D0DA4D3000D6AEC /* Info.plist */,
			);
			path = "iOS Project";
			sourceTree = "<group>";
		};
		1EDC13A12D0DA4D3000D6AEC /* iOS ProjectTests */ = {
			isa = PBXGroup;
			children = (
				1EDEB5492D0DAA66003DEC18 /* CalculatorTests.swift */,
				1EDEB5482D0DAA66003DEC18 /* HTMLTests.swift */,
			);
			path = "iOS ProjectTests";
			sourceTree = "<group>";
		};
		1EDEB5452D0DAA5F003DEC18 /* Compoments */ = {
			isa = PBXGroup;
			children = (
				1EDEB5432D0DAA5F003DEC18 /* Caculator.swift */,
				1EDEB5442D0DAA5F003DEC18 /* HTMLParser.swift */,
			);
			path = Compoments;
			sourceTree = "<group>";
		};
/* End PBXGroup section */

/* Begin PBXNativeTarget section */
		1EDC13872D0DA4D0000D6AEC /* iOS Project */ = {
			isa = PBXNativeTarget;
			buildConfigurationList = 1EDC13B22D0DA4D3000D6AEC /* Build configuration list for PBXNativeTarget "iOS Project" */;
			buildPhases = (
				1EDC13842D0DA4D0000D6AEC /* Sources */,
				1EDC13852D0DA4D0000D6AEC /* Frameworks */,
				1EDC13862D0DA4D0000D6AEC /* Resources */,
			);
			buildRules = (
			);
			dependencies = (
			);
			name = "iOS Project";
			packageProductDependencies = (
				1EDEB54D2D0DAA9F003DEC18 /* ZMarkupParser */,
			);
			productName = "iOS Project";
			productReference = 1EDC13882D0DA4D0000D6AEC /* iOS Project.app */;
			productType = "com.apple.product-type.application";
		};
		1EDC139D2D0DA4D3000D6AEC /* iOS ProjectTests */ = {
			isa = PBXNativeTarget;
			buildConfigurationList = 1EDC13B52D0DA4D3000D6AEC /* Build configuration list for PBXNativeTarget "iOS ProjectTests" */;
			buildPhases = (
				1EDC139A2D0DA4D3000D6AEC /* Sources */,
				1EDC139B2D0DA4D3000D6AEC /* Frameworks */,
				1EDC139C2D0DA4D3000D6AEC /* Resources */,
			);
			buildRules = (
			);
			dependencies = (
				1EDC13A02D0DA4D3000D6AEC /* PBXTargetDependency */,
			);
			name = "iOS ProjectTests";
			productName = "iOS ProjectTests";
			productReference = 1EDC139E2D0DA4D3000D6AEC /* iOS ProjectTests.xctest */;
			productType = "com.apple.product-type.bundle.unit-test";
		};
/* End PBXNativeTarget section */

/* Begin PBXProject section */
		1EDC13802D0DA4D0000D6AEC /* Project object */ = {
			isa = PBXProject;
			attributes = {
				BuildIndependentTargetsInParallel = 1;
				LastSwiftUpdateCheck = 1540;
				LastUpgradeCheck = 1540;
				TargetAttributes = {
					1EDC13872D0DA4D0000D6AEC = {
						CreatedOnToolsVersion = 15.4;
					};
					1EDC139D2D0DA4D3000D6AEC = {
						CreatedOnToolsVersion = 15.4;
						TestTargetID = 1EDC13872D0DA4D0000D6AEC;
					};
				};
			};
			buildConfigurationList = 1EDC13832D0DA4D0000D6AEC /* Build configuration list for PBXProject "iOS Project" */;
			compatibilityVersion = "Xcode 14.0";
			developmentRegion = en;
			hasScannedForEncodings = 0;
			knownRegions = (
				en,
				Base,
			);
			mainGroup = 1EDC137F2D0DA4D0000D6AEC;
			packageReferences = (
				1EDEB54C2D0DAA9F003DEC18 /* XCRemoteSwiftPackageReference "ZMarkupParser" */,
			);
			productRefGroup = 1EDC13892D0DA4D0000D6AEC /* Products */;
			projectDirPath = "";
			projectRoot = "";
			targets = (
				1EDC13872D0DA4D0000D6AEC /* iOS Project */,
				1EDC139D2D0DA4D3000D6AEC /* iOS ProjectTests */,
			);
		};
/* End PBXProject section */

/* Begin PBXResourcesBuildPhase section */
		1EDC13862D0DA4D0000D6AEC /* Resources */ = {
			isa = PBXResourcesBuildPhase;
			buildActionMask = 2147483647;
			files = (
				1EDC13952D0DA4D3000D6AEC /* Assets.xcassets in Resources */,
				1EDC13982D0DA4D3000D6AEC /* Base in Resources */,
				1EDC13932D0DA4D0000D6AEC /* Base in Resources */,
			);
			runOnlyForDeploymentPostprocessing = 0;
		};
		1EDC139C2D0DA4D3000D6AEC /* Resources */ = {
			isa = PBXResourcesBuildPhase;
			buildActionMask = 2147483647;
			files = (
			);
			runOnlyForDeploymentPostprocessing = 0;
		};
/* End PBXResourcesBuildPhase section */

/* Begin PBXSourcesBuildPhase section */
		1EDC13842D0DA4D0000D6AEC /* Sources */ = {
			isa = PBXSourcesBuildPhase;
			buildActionMask = 2147483647;
			files = (
				1EDEB5462D0DAA5F003DEC18 /* Caculator.swift in Sources */,
				1EDC13902D0DA4D0000D6AEC /* ViewController.swift in Sources */,
				1EDC138C2D0DA4D0000D6AEC /* AppDelegate.swift in Sources */,
				1EDC138E2D0DA4D0000D6AEC /* SceneDelegate.swift in Sources */,
				1EDEB5472D0DAA5F003DEC18 /* HTMLParser.swift in Sources */,
			);
			runOnlyForDeploymentPostprocessing = 0;
		};
		1EDC139A2D0DA4D3000D6AEC /* Sources */ = {
			isa = PBXSourcesBuildPhase;
			buildActionMask = 2147483647;
			files = (
				1EDEB54A2D0DAA66003DEC18 /* HTMLTests.swift in Sources */,
				1EDEB54B2D0DAA66003DEC18 /* CalculatorTests.swift in Sources */,
			);
			runOnlyForDeploymentPostprocessing = 0;
		};
/* End PBXSourcesBuildPhase section */

/* Begin PBXTargetDependency section */
		1EDC13A02D0DA4D3000D6AEC /* PBXTargetDependency */ = {
			isa = PBXTargetDependency;
			target = 1EDC13872D0DA4D0000D6AEC /* iOS Project */;
			targetProxy = 1EDC139F2D0DA4D3000D6AEC /* PBXContainerItemProxy */;
		};
/* End PBXTargetDependency section */

/* Begin PBXVariantGroup section */
		1EDC13912D0DA4D0000D6AEC /* Main.storyboard */ = {
			isa = PBXVariantGroup;
			children = (
				1EDC13922D0DA4D0000D6AEC /* Base */,
			);
			name = Main.storyboard;
			sourceTree = "<group>";
		};
		1EDC13962D0DA4D3000D6AEC /* LaunchScreen.storyboard */ = {
			isa = PBXVariantGroup;
			children = (
				1EDC13972D0DA4D3000D6AEC /* Base */,
			);
			name = LaunchScreen.storyboard;
			sourceTree = "<group>";
		};
/* End PBXVariantGroup section */

/* Begin XCBuildConfiguration section */
		1EDC13B02D0DA4D3000D6AEC /* Debug */ = {
			isa = XCBuildConfiguration;
			buildSettings = {
				ALWAYS_SEARCH_USER_PATHS = NO;
				ASSETCATALOG_COMPILER_GENERATE_SWIFT_ASSET_SYMBOL_EXTENSIONS = YES;
				CLANG_ANALYZER_NONNULL = YES;
				CLANG_ANALYZER_NUMBER_OBJECT_CONVERSION = YES_AGGRESSIVE;
				CLANG_CXX_LANGUAGE_STANDARD = "gnu++20";
				CLANG_ENABLE_MODULES = YES;
				CLANG_ENABLE_OBJC_ARC = YES;
				CLANG_ENABLE_OBJC_WEAK = YES;
				CLANG_WARN_BLOCK_CAPTURE_AUTORELEASING = YES;
				CLANG_WARN_BOOL_CONVERSION = YES;
				CLANG_WARN_COMMA = YES;
				CLANG_WARN_CONSTANT_CONVERSION = YES;
				CLANG_WARN_DEPRECATED_OBJC_IMPLEMENTATIONS = YES;
				CLANG_WARN_DIRECT_OBJC_ISA_USAGE = YES_ERROR;
				CLANG_WARN_DOCUMENTATION_COMMENTS = YES;
				CLANG_WARN_EMPTY_BODY = YES;
				CLANG_WARN_ENUM_CONVERSION = YES;
				CLANG_WARN_INFINITE_RECURSION = YES;
				CLANG_WARN_INT_CONVERSION = YES;
				CLANG_WARN_NON_LITERAL_NULL_CONVERSION = YES;
				CLANG_WARN_OBJC_IMPLICIT_RETAIN_SELF = YES;
				CLANG_WARN_OBJC_LITERAL_CONVERSION = YES;
				CLANG_WARN_OBJC_ROOT_CLASS = YES_ERROR;
				CLANG_WARN_QUOTED_INCLUDE_IN_FRAMEWORK_HEADER = YES;
				CLANG_WARN_RANGE_LOOP_ANALYSIS = YES;
				CLANG_WARN_STRICT_PROTOTYPES = YES;
				CLANG_WARN_SUSPICIOUS_MOVE = YES;
				CLANG_WARN_UNGUARDED_AVAILABILITY = YES_AGGRESSIVE;
				CLANG_WARN_UNREACHABLE_CODE = YES;
				CLANG_WARN__DUPLICATE_METHOD_MATCH = YES;
				COPY_PHASE_STRIP = NO;
				DEBUG_INFORMATION_FORMAT = dwarf;
				ENABLE_STRICT_OBJC_MSGSEND = YES;
				ENABLE_TESTABILITY = YES;
				ENABLE_USER_SCRIPT_SANDBOXING = YES;
				GCC_C_LANGUAGE_STANDARD = gnu17;
				GCC_DYNAMIC_NO_PIC = NO;
				GCC_NO_COMMON_BLOCKS = YES;
				GCC_OPTIMIZATION_LEVEL = 0;
				GCC_PREPROCESSOR_DEFINITIONS = (
					"DEBUG=1",
					"$(inherited)",
				);
				GCC_WARN_64_TO_32_BIT_CONVERSION = YES;
				GCC_WARN_ABOUT_RETURN_TYPE = YES_ERROR;
				GCC_WARN_UNDECLARED_SELECTOR = YES;
				GCC_WARN_UNINITIALIZED_AUTOS = YES_AGGRESSIVE;
				GCC_WARN_UNUSED_FUNCTION = YES;
				GCC_WARN_UNUSED_VARIABLE = YES;
				IPHONEOS_DEPLOYMENT_TARGET = 17.5;
				LOCALIZATION_PREFERS_STRING_CATALOGS = YES;
				MTL_ENABLE_DEBUG_INFO = INCLUDE_SOURCE;
				MTL_FAST_MATH = YES;
				ONLY_ACTIVE_ARCH = YES;
				SDKROOT = iphoneos;
				SWIFT_ACTIVE_COMPILATION_CONDITIONS = "DEBUG $(inherited)";
				SWIFT_OPTIMIZATION_LEVEL = "-Onone";
			};
			name = Debug;
		};
		1EDC13B12D0DA4D3000D6AEC /* Release */ = {
			isa = XCBuildConfiguration;
			buildSettings = {
				ALWAYS_SEARCH_USER_PATHS = NO;
				ASSETCATALOG_COMPILER_GENERATE_SWIFT_ASSET_SYMBOL_EXTENSIONS = YES;
				CLANG_ANALYZER_NONNULL = YES;
				CLANG_ANALYZER_NUMBER_OBJECT_CONVERSION = YES_AGGRESSIVE;
				CLANG_CXX_LANGUAGE_STANDARD = "gnu++20";
				CLANG_ENABLE_MODULES = YES;
				CLANG_ENABLE_OBJC_ARC = YES;
				CLANG_ENABLE_OBJC_WEAK = YES;
				CLANG_WARN_BLOCK_CAPTURE_AUTORELEASING = YES;
				CLANG_WARN_BOOL_CONVERSION = YES;
				CLANG_WARN_COMMA = YES;
				CLANG_WARN_CONSTANT_CONVERSION = YES;
				CLANG_WARN_DEPRECATED_OBJC_IMPLEMENTATIONS = YES;
				CLANG_WARN_DIRECT_OBJC_ISA_USAGE = YES_ERROR;
				CLANG_WARN_DOCUMENTATION_COMMENTS = YES;
				CLANG_WARN_EMPTY_BODY = YES;
				CLANG_WARN_ENUM_CONVERSION = YES;
				CLANG_WARN_INFINITE_RECURSION = YES;
				CLANG_WARN_INT_CONVERSION = YES;
				CLANG_WARN_NON_LITERAL_NULL_CONVERSION = YES;
				CLANG_WARN_OBJC_IMPLICIT_RETAIN_SELF = YES;
				CLANG_WARN_OBJC_LITERAL_CONVERSION = YES;
				CLANG_WARN_OBJC_ROOT_CLASS = YES_ERROR;
				CLANG_WARN_QUOTED_INCLUDE_IN_FRAMEWORK_HEADER = YES;
				CLANG_WARN_RANGE_LOOP_ANALYSIS = YES;
				CLANG_WARN_STRICT_PROTOTYPES = YES;
				CLANG_WARN_SUSPICIOUS_MOVE = YES;
				CLANG_WARN_UNGUARDED_AVAILABILITY = YES_AGGRESSIVE;
				CLANG_WARN_UNREACHABLE_CODE = YES;
				CLANG_WARN__DUPLICATE_METHOD_MATCH = YES;
				COPY_PHASE_STRIP = NO;
				DEBUG_INFORMATION_FORMAT = "dwarf-with-dsym";
				ENABLE_NS_ASSERTIONS = NO;
				ENABLE_STRICT_OBJC_MSGSEND = YES;
				ENABLE_USER_SCRIPT_SANDBOXING = YES;
				GCC_C_LANGUAGE_STANDARD = gnu17;
				GCC_NO_COMMON_BLOCKS = YES;
				GCC_WARN_64_TO_32_BIT_CONVERSION = YES;
				GCC_WARN_ABOUT_RETURN_TYPE = YES_ERROR;
				GCC_WARN_UNDECLARED_SELECTOR = YES;
				GCC_WARN_UNINITIALIZED_AUTOS = YES_AGGRESSIVE;
				GCC_WARN_UNUSED_FUNCTION = YES;
				GCC_WARN_UNUSED_VARIABLE = YES;
				IPHONEOS_DEPLOYMENT_TARGET = 17.5;
				LOCALIZATION_PREFERS_STRING_CATALOGS = YES;
				MTL_ENABLE_DEBUG_INFO = NO;
				MTL_FAST_MATH = YES;
				SDKROOT = iphoneos;
				SWIFT_COMPILATION_MODE = wholemodule;
				VALIDATE_PRODUCT = YES;
			};
			name = Release;
		};
		1EDC13B32D0DA4D3000D6AEC /* Debug */ = {
			isa = XCBuildConfiguration;
			buildSettings = {
				ASSETCATALOG_COMPILER_APPICON_NAME = AppIcon;
				ASSETCATALOG_COMPILER_GLOBAL_ACCENT_COLOR_NAME = AccentColor;
				CODE_SIGN_STYLE = Automatic;
				CURRENT_PROJECT_VERSION = 1;
				DEVELOPMENT_TEAM = GGX4A3N6KJ;
				GENERATE_INFOPLIST_FILE = YES;
				INFOPLIST_FILE = "iOS Project/Info.plist";
				INFOPLIST_KEY_UIApplicationSupportsIndirectInputEvents = YES;
				INFOPLIST_KEY_UILaunchStoryboardName = LaunchScreen;
				INFOPLIST_KEY_UIMainStoryboardFile = Main;
				INFOPLIST_KEY_UISupportedInterfaceOrientations_iPad = "UIInterfaceOrientationPortrait UIInterfaceOrientationPortraitUpsideDown UIInterfaceOrientationLandscapeLeft UIInterfaceOrientationLandscapeRight";
				INFOPLIST_KEY_UISupportedInterfaceOrientations_iPhone = "UIInterfaceOrientationPortrait UIInterfaceOrientationLandscapeLeft UIInterfaceOrientationLandscapeRight";
				LD_RUNPATH_SEARCH_PATHS = (
					"$(inherited)",
					"@executable_path/Frameworks",
				);
				MARKETING_VERSION = 1.0;
				PRODUCT_BUNDLE_IDENTIFIER = "li.zhgchg.iOS-Project";
				PRODUCT_NAME = "$(TARGET_NAME)";
				SWIFT_EMIT_LOC_STRINGS = YES;
				SWIFT_VERSION = 5.0;
				TARGETED_DEVICE_FAMILY = "1,2";
			};
			name = Debug;
		};
		1EDC13B42D0DA4D3000D6AEC /* Release */ = {
			isa = XCBuildConfiguration;
			buildSettings = {
				ASSETCATALOG_COMPILER_APPICON_NAME = AppIcon;
				ASSETCATALOG_COMPILER_GLOBAL_ACCENT_COLOR_NAME = AccentColor;
				CODE_SIGN_STYLE = Automatic;
				CURRENT_PROJECT_VERSION = 1;
				DEVELOPMENT_TEAM = GGX4A3N6KJ;
				GENERATE_INFOPLIST_FILE = YES;
				INFOPLIST_FILE = "iOS Project/Info.plist";
				INFOPLIST_KEY_UIApplicationSupportsIndirectInputEvents = YES;
				INFOPLIST_KEY_UILaunchStoryboardName = LaunchScreen;
				INFOPLIST_KEY_UIMainStoryboardFile = Main;
				INFOPLIST_KEY_UISupportedInterfaceOrientations_iPad = "UIInterfaceOrientationPortrait UIInterfaceOrientationPortraitUpsideDown UIInterfaceOrientationLandscapeLeft UIInterfaceOrientationLandscapeRight";
				INFOPLIST_KEY_UISupportedInterfaceOrientations_iPhone = "UIInterfaceOrientationPortrait UIInterfaceOrientationLandscapeLeft UIInterfaceOrientationLandscapeRight";
				LD_RUNPATH_SEARCH_PATHS = (
					"$(inherited)",
					"@executable_path/Frameworks",
				);
				MARKETING_VERSION = 1.0;
				PRODUCT_BUNDLE_IDENTIFIER = "li.zhgchg.iOS-Project";
				PRODUCT_NAME = "$(TARGET_NAME)";
				SWIFT_EMIT_LOC_STRINGS = YES;
				SWIFT_VERSION = 5.0;
				TARGETED_DEVICE_FAMILY = "1,2";
			};
			name = Release;
		};
		1EDC13B62D0DA4D3000D6AEC /* Debug */ = {
			isa = XCBuildConfiguration;
			buildSettings = {
				ALWAYS_EMBED_SWIFT_STANDARD_LIBRARIES = YES;
				BUNDLE_LOADER = "$(TEST_HOST)";
				CODE_SIGN_STYLE = Automatic;
				CURRENT_PROJECT_VERSION = 1;
				DEVELOPMENT_TEAM = GGX4A3N6KJ;
				GENERATE_INFOPLIST_FILE = YES;
				IPHONEOS_DEPLOYMENT_TARGET = 17.5;
				MARKETING_VERSION = 1.0;
				PRODUCT_BUNDLE_IDENTIFIER = "li.zhgchg.iOS-ProjectTests";
				PRODUCT_NAME = "$(TARGET_NAME)";
				SWIFT_EMIT_LOC_STRINGS = NO;
				SWIFT_VERSION = 5.0;
				TARGETED_DEVICE_FAMILY = "1,2";
				TEST_HOST = "$(BUILT_PRODUCTS_DIR)/iOS Project.app/$(BUNDLE_EXECUTABLE_FOLDER_PATH)/iOS Project";
			};
			name = Debug;
		};
		1EDC13B72D0DA4D3000D6AEC /* Release */ = {
			isa = XCBuildConfiguration;
			buildSettings = {
				ALWAYS_EMBED_SWIFT_STANDARD_LIBRARIES = YES;
				BUNDLE_LOADER = "$(TEST_HOST)";
				CODE_SIGN_STYLE = Automatic;
				CURRENT_PROJECT_VERSION = 1;
				DEVELOPMENT_TEAM = GGX4A3N6KJ;
				GENERATE_INFOPLIST_FILE = YES;
				IPHONEOS_DEPLOYMENT_TARGET = 17.5;
				MARKETING_VERSION = 1.0;
				PRODUCT_BUNDLE_IDENTIFIER = "li.zhgchg.iOS-ProjectTests";
				PRODUCT_NAME = "$(TARGET_NAME)";
				SWIFT_EMIT_LOC_STRINGS = NO;
				SWIFT_VERSION = 5.0;
				TARGETED_DEVICE_FAMILY = "1,2";
				TEST_HOST = "$(BUILT_PRODUCTS_DIR)/iOS Project.app/$(BUNDLE_EXECUTABLE_FOLDER_PATH)/iOS Project";
			};
			name = Release;
		};
/* End XCBuildConfiguration section */

/* Begin XCConfigurationList section */
		1EDC13832D0DA4D0000D6AEC /* Build configuration list for PBXProject "iOS Project" */ = {
			isa = XCConfigurationList;
			buildConfigurations = (
				1EDC13B02D0DA4D3000D6AEC /* Debug */,
				1EDC13B12D0DA4D3000D6AEC /* Release */,
			);
			defaultConfigurationIsVisible = 0;
			defaultConfigurationName = Release;
		};
		1EDC13B22D0DA4D3000D6AEC /* Build configuration list for PBXNativeTarget "iOS Project" */ = {
			isa = XCConfigurationList;
			buildConfigurations = (
				1EDC13B32D0DA4D3000D6AEC /* Debug */,
				1EDC13B42D0DA4D3000D6AEC /* Release */,
			);
			defaultConfigurationIsVisible = 0;
			defaultConfigurationName = Release;
		};
		1EDC13B52D0DA4D3000D6AEC /* Build configuration list for PBXNativeTarget "iOS ProjectTests" */ = {
			isa = XCConfigurationList;
			buildConfigurations = (
				1EDC13B62D0DA4D3000D6AEC /* Debug */,
				1EDC13B72D0DA4D3000D6AEC /* Release */,
			);
			defaultConfigurationIsVisible = 0;
			defaultConfigurationName = Release;
		};
/* End XCConfigurationList section */

/* Begin XCRemoteSwiftPackageReference section */
		1EDEB54C2D0DAA9F003DEC18 /* XCRemoteSwiftPackageReference "ZMarkupParser" */ = {
			isa = XCRemoteSwiftPackageReference;
			repositoryURL = "https://github.com/ZhgChgLi/ZMarkupParser.git";
			requirement = {
				branch = main;
				kind = branch;
			};
		};
/* End XCRemoteSwiftPackageReference section */

/* Begin XCSwiftPackageProductDependency section */
		1EDEB54D2D0DAA9F003DEC18 /* ZMarkupParser */ = {
			isa = XCSwiftPackageProductDependency;
			package = 1EDEB54C2D0DAA9F003DEC18 /* XCRemoteSwiftPackageReference "ZMarkupParser" */;
			productName = ZMarkupParser;
		};
/* End XCSwiftPackageProductDependency section */
	};
	rootObject = 1EDC13802D0DA4D0000D6AEC /* Project object */;
}
