// !$*UTF8*$!
{
	archiveVersion = 1;
	classes = {
	};
	objectVersion = 56;
	objects = {

/* Begin PBXBuildFile section */
		F628ADB82D1027C300C911A3 /* AppDelegate.swift in Sources */ = {isa = PBXBuildFile; fileRef = F628ADB72D1027C300C911A3 /* AppDelegate.swift */; };
		F628ADBA2D1027C300C911A3 /* SceneDelegate.swift in Sources */ = {isa = PBXBuildFile; fileRef = F628ADB92D1027C300C911A3 /* SceneDelegate.swift */; };
		F628ADBC2D1027C300C911A3 /* ViewController.swift in Sources */ = {isa = PBXBuildFile; fileRef = F628ADBB2D1027C300C911A3 /* ViewController.swift */; };
		F628ADBF2D1027C300C911A3 /* Base in Resources */ = {isa = PBXBuildFile; fileRef = F628ADBE2D1027C300C911A3 /* Base */; };
		F628ADC12D1027C400C911A3 /* Assets.xcassets in Resources */ = {isa = PBXBuildFile; fileRef = F628ADC02D1027C400C911A3 /* Assets.xcassets */; };
		F628ADC42D1027C400C911A3 /* Base in Resources */ = {isa = PBXBuildFile; fileRef = F628ADC32D1027C400C911A3 /* Base */; };
		F628ADEA2D10280D00C911A3 /* Caculator.swift in Sources */ = {isa = PBXBuildFile; fileRef = F628ADE72D10280D00C911A3 /* Caculator.swift */; };
		F628ADEB2D10280D00C911A3 /* HTMLParser.swift in Sources */ = {isa = PBXBuildFile; fileRef = F628ADE82D10280D00C911A3 /* HTMLParser.swift */; };
		F628ADEE2D10282000C911A3 /* HTMLTests.swift in Sources */ = {isa = PBXBuildFile; fileRef = F628ADEC2D10282000C911A3 /* HTMLTests.swift */; };
		F628ADEF2D10282000C911A3 /* CalculatorTests.swift in Sources */ = {isa = PBXBuildFile; fileRef = F628ADED2D10282000C911A3 /* CalculatorTests.swift */; };
		F628ADF22D10286C00C911A3 /* ZMarkupParser in Frameworks */ = {isa = PBXBuildFile; productRef = F628ADF12D10286C00C911A3 /* ZMarkupParser */; };
/* End PBXBuildFile section */

/* Begin PBXContainerItemProxy section */
		F628ADCB2D1027C400C911A3 /* PBXContainerItemProxy */ = {
			isa = PBXContainerItemProxy;
			containerPortal = F628ADAC2D1027C300C911A3 /* Project object */;
			proxyType = 1;
			remoteGlobalIDString = F628ADB32D1027C300C911A3;
			remoteInfo = "iOS Project";
		};
/* End PBXContainerItemProxy section */

/* Begin PBXFileReference section */
		F628ADB42D1027C300C911A3 /* iOS Project.app */ = {isa = PBXFileReference; explicitFileType = wrapper.application; includeInIndex = 0; path = "iOS Project.app"; sourceTree = BUILT_PRODUCTS_DIR; };
		F628ADB72D1027C300C911A3 /* AppDelegate.swift */ = {isa = PBXFileReference; lastKnownFileType = sourcecode.swift; path = AppDelegate.swift; sourceTree = "<group>"; };
		F628ADB92D1027C300C911A3 /* SceneDelegate.swift */ = {isa = PBXFileReference; lastKnownFileType = sourcecode.swift; path = SceneDelegate.swift; sourceTree = "<group>"; };
		F628ADBB2D1027C300C911A3 /* ViewController.swift */ = {isa = PBXFileReference; lastKnownFileType = sourcecode.swift; path = ViewController.swift; sourceTree = "<group>"; };
		F628ADBE2D1027C300C911A3 /* Base */ = {isa = PBXFileReference; lastKnownFileType = file.storyboard; name = Base; path = Base.lproj/Main.storyboard; sourceTree = "<group>"; };
		F628ADC02D1027C400C911A3 /* Assets.xcassets */ = {isa = PBXFileReference; lastKnownFileType = folder.assetcatalog; path = Assets.xcassets; sourceTree = "<group>"; };
		F628ADC32D1027C400C911A3 /* Base */ = {isa = PBXFileReference; lastKnownFileType = file.storyboard; name = Base; path = Base.lproj/LaunchScreen.storyboard; sourceTree = "<group>"; };
		F628ADC52D1027C400C911A3 /* Info.plist */ = {isa = PBXFileReference; lastKnownFileType = text.plist.xml; path = Info.plist; sourceTree = "<group>"; };
		F628ADCA2D1027C400C911A3 /* iOS ProjectTests.xctest */ = {isa = PBXFileReference; explicitFileType = wrapper.cfbundle; includeInIndex = 0; path = "iOS ProjectTests.xctest"; sourceTree = BUILT_PRODUCTS_DIR; };
		F628ADE72D10280D00C911A3 /* Caculator.swift */ = {isa = PBXFileReference; fileEncoding = 4; lastKnownFileType = sourcecode.swift; path = Caculator.swift; sourceTree = "<group>"; };
		F628ADE82D10280D00C911A3 /* HTMLParser.swift */ = {isa = PBXFileReference; fileEncoding = 4; lastKnownFileType = sourcecode.swift; path = HTMLParser.swift; sourceTree = "<group>"; };
		F628ADEC2D10282000C911A3 /* HTMLTests.swift */ = {isa = PBXFileReference; fileEncoding = 4; lastKnownFileType = sourcecode.swift; path = HTMLTests.swift; sourceTree = "<group>"; };
		F628ADED2D10282000C911A3 /* CalculatorTests.swift */ = {isa = PBXFileReference; fileEncoding = 4; lastKnownFileType = sourcecode.swift; path = CalculatorTests.swift; sourceTree = "<group>"; };
/* End PBXFileReference section */

/* Begin PBXFrameworksBuildPhase section */
		F628ADB12D1027C300C911A3 /* Frameworks */ = {
			isa = PBXFrameworksBuildPhase;
			buildActionMask = 2147483647;
			files = (
				F628ADF22D10286C00C911A3 /* ZMarkupParser in Frameworks */,
			);
			runOnlyForDeploymentPostprocessing = 0;
		};
		F628ADC72D1027C400C911A3 /* Frameworks */ = {
			isa = PBXFrameworksBuildPhase;
			buildActionMask = 2147483647;
			files = (
			);
			runOnlyForDeploymentPostprocessing = 0;
		};
/* End PBXFrameworksBuildPhase section */

/* Begin PBXGroup section */
		F628ADAB2D1027C300C911A3 = {
			isa = PBXGroup;
			children = (
				F628ADB62D1027C300C911A3 /* iOS Project */,
				F628ADCD2D1027C400C911A3 /* iOS ProjectTests */,
				F628ADB52D1027C300C911A3 /* Products */,
			);
			sourceTree = "<group>";
		};
		F628ADB52D1027C300C911A3 /* Products */ = {
			isa = PBXGroup;
			children = (
				F628ADB42D1027C300C911A3 /* iOS Project.app */,
				F628ADCA2D1027C400C911A3 /* iOS ProjectTests.xctest */,
			);
			name = Products;
			sourceTree = "<group>";
		};
		F628ADB62D1027C300C911A3 /* iOS Project */ = {
			isa = PBXGroup;
			children = (
				F628ADB72D1027C300C911A3 /* AppDelegate.swift */,
				F628ADE92D10280D00C911A3 /* Compoments */,
				F628ADB92D1027C300C911A3 /* SceneDelegate.swift */,
				F628ADBB2D1027C300C911A3 /* ViewController.swift */,
				F628ADBD2D1027C300C911A3 /* Main.storyboard */,
				F628ADC02D1027C400C911A3 /* Assets.xcassets */,
				F628ADC22D1027C400C911A3 /* LaunchScreen.storyboard */,
				F628ADC52D1027C400C911A3 /* Info.plist */,
			);
			path = "iOS Project";
			sourceTree = "<group>";
		};
		F628ADCD2D1027C400C911A3 /* iOS ProjectTests */ = {
			isa = PBXGroup;
			children = (
				F628ADED2D10282000C911A3 /* CalculatorTests.swift */,
				F628ADEC2D10282000C911A3 /* HTMLTests.swift */,
			);
			path = "iOS ProjectTests";
			sourceTree = "<group>";
		};
		F628ADE92D10280D00C911A3 /* Compoments */ = {
			isa = PBXGroup;
			children = (
				F628ADE72D10280D00C911A3 /* Caculator.swift */,
				F628ADE82D10280D00C911A3 /* HTMLParser.swift */,
			);
			path = Compoments;
			sourceTree = "<group>";
		};
/* End PBXGroup section */

/* Begin PBXNativeTarget section */
		F628ADB32D1027C300C911A3 /* iOS Project */ = {
			isa = PBXNativeTarget;
			buildConfigurationList = F628ADDE2D1027C400C911A3 /* Build configuration list for PBXNativeTarget "iOS Project" */;
			buildPhases = (
				F628ADB02D1027C300C911A3 /* Sources */,
				F628ADB12D1027C300C911A3 /* Frameworks */,
				F628ADB22D1027C300C911A3 /* Resources */,
			);
			buildRules = (
			);
			dependencies = (
			);
			name = "iOS Project";
			packageProductDependencies = (
				F628ADF12D10286C00C911A3 /* ZMarkupParser */,
			);
			productName = "iOS Project";
			productReference = F628ADB42D1027C300C911A3 /* iOS Project.app */;
			productType = "com.apple.product-type.application";
		};
		F628ADC92D1027C400C911A3 /* iOS ProjectTests */ = {
			isa = PBXNativeTarget;
			buildConfigurationList = F628ADE12D1027C400C911A3 /* Build configuration list for PBXNativeTarget "iOS ProjectTests" */;
			buildPhases = (
				F628ADC62D1027C400C911A3 /* Sources */,
				F628ADC72D1027C400C911A3 /* Frameworks */,
				F628ADC82D1027C400C911A3 /* Resources */,
			);
			buildRules = (
			);
			dependencies = (
				F628ADCC2D1027C400C911A3 /* PBXTargetDependency */,
			);
			name = "iOS ProjectTests";
			productName = "iOS ProjectTests";
			productReference = F628ADCA2D1027C400C911A3 /* iOS ProjectTests.xctest */;
			productType = "com.apple.product-type.bundle.unit-test";
		};
/* End PBXNativeTarget section */

/* Begin PBXProject section */
		F628ADAC2D1027C300C911A3 /* Project object */ = {
			isa = PBXProject;
			attributes = {
				BuildIndependentTargetsInParallel = 1;
				LastSwiftUpdateCheck = 1540;
				LastUpgradeCheck = 1540;
				TargetAttributes = {
					F628ADB32D1027C300C911A3 = {
						CreatedOnToolsVersion = 15.4;
					};
					F628ADC92D1027C400C911A3 = {
						CreatedOnToolsVersion = 15.4;
						TestTargetID = F628ADB32D1027C300C911A3;
					};
				};
			};
			buildConfigurationList = F628ADAF2D1027C300C911A3 /* Build configuration list for PBXProject "iOS Project" */;
			compatibilityVersion = "Xcode 14.0";
			developmentRegion = en;
			hasScannedForEncodings = 0;
			knownRegions = (
				en,
				Base,
			);
			mainGroup = F628ADAB2D1027C300C911A3;
			packageReferences = (
				F628ADF02D10286C00C911A3 /* XCRemoteSwiftPackageReference "ZMarkupParser" */,
			);
			productRefGroup = F628ADB52D1027C300C911A3 /* Products */;
			projectDirPath = "";
			projectRoot = "";
			targets = (
				F628ADB32D1027C300C911A3 /* iOS Project */,
				F628ADC92D1027C400C911A3 /* iOS ProjectTests */,
			);
		};
/* End PBXProject section */

/* Begin PBXResourcesBuildPhase section */
		F628ADB22D1027C300C911A3 /* Resources */ = {
			isa = PBXResourcesBuildPhase;
			buildActionMask = 2147483647;
			files = (
				F628ADC12D1027C400C911A3 /* Assets.xcassets in Resources */,
				F628ADC42D1027C400C911A3 /* Base in Resources */,
				F628ADBF2D1027C300C911A3 /* Base in Resources */,
			);
			runOnlyForDeploymentPostprocessing = 0;
		};
		F628ADC82D1027C400C911A3 /* Resources */ = {
			isa = PBXResourcesBuildPhase;
			buildActionMask = 2147483647;
			files = (
			);
			runOnlyForDeploymentPostprocessing = 0;
		};
/* End PBXResourcesBuildPhase section */

/* Begin PBXSourcesBuildPhase section */
		F628ADB02D1027C300C911A3 /* Sources */ = {
			isa = PBXSourcesBuildPhase;
			buildActionMask = 2147483647;
			files = (
				F628ADEA2D10280D00C911A3 /* Caculator.swift in Sources */,
				F628ADBC2D1027C300C911A3 /* ViewController.swift in Sources */,
				F628ADB82D1027C300C911A3 /* AppDelegate.swift in Sources */,
				F628ADBA2D1027C300C911A3 /* SceneDelegate.swift in Sources */,
				F628ADEB2D10280D00C911A3 /* HTMLParser.swift in Sources */,
			);
			runOnlyForDeploymentPostprocessing = 0;
		};
		F628ADC62D1027C400C911A3 /* Sources */ = {
			isa = PBXSourcesBuildPhase;
			buildActionMask = 2147483647;
			files = (
				F628ADEE2D10282000C911A3 /* HTMLTests.swift in Sources */,
				F628ADEF2D10282000C911A3 /* CalculatorTests.swift in Sources */,
			);
			runOnlyForDeploymentPostprocessing = 0;
		};
/* End PBXSourcesBuildPhase section */

/* Begin PBXTargetDependency section */
		F628ADCC2D1027C400C911A3 /* PBXTargetDependency */ = {
			isa = PBXTargetDependency;
			target = F628ADB32D1027C300C911A3 /* iOS Project */;
			targetProxy = F628ADCB2D1027C400C911A3 /* PBXContainerItemProxy */;
		};
/* End PBXTargetDependency section */

/* Begin PBXVariantGroup section */
		F628ADBD2D1027C300C911A3 /* Main.storyboard */ = {
			isa = PBXVariantGroup;
			children = (
				F628ADBE2D1027C300C911A3 /* Base */,
			);
			name = Main.storyboard;
			sourceTree = "<group>";
		};
		F628ADC22D1027C400C911A3 /* LaunchScreen.storyboard */ = {
			isa = PBXVariantGroup;
			children = (
				F628ADC32D1027C400C911A3 /* Base */,
			);
			name = LaunchScreen.storyboard;
			sourceTree = "<group>";
		};
/* End PBXVariantGroup section */

/* Begin XCBuildConfiguration section */
		F628ADDC2D1027C400C911A3 /* Debug */ = {
			isa = XCBuildConfiguration;
			buildSettings = {
				ALWAYS_SEARCH_USER_PATHS = NO;
				ASSETCATALOG_COMPILER_GENERATE_SWIFT_ASSET_SYMBOL_EXTENSIONS = YES;
				CLANG_ANALYZER_NONNULL = YES;
				CLANG_ANALYZER_NUMBER_OBJECT_CONVERSION = YES_AGGRESSIVE;
				CLANG_CXX_LANGUAGE_STANDARD = "gnu++20";
				CLANG_ENABLE_MODULES = YES;
				CLANG_ENABLE_OBJC_ARC = YES;
				CLANG_ENABLE_OBJC_WEAK = YES;
				CLANG_WARN_BLOCK_CAPTURE_AUTORELEASING = YES;
				CLANG_WARN_BOOL_CONVERSION = YES;
				CLANG_WARN_COMMA = YES;
				CLANG_WARN_CONSTANT_CONVERSION = YES;
				CLANG_WARN_DEPRECATED_OBJC_IMPLEMENTATIONS = YES;
				CLANG_WARN_DIRECT_OBJC_ISA_USAGE = YES_ERROR;
				CLANG_WARN_DOCUMENTATION_COMMENTS = YES;
				CLANG_WARN_EMPTY_BODY = YES;
				CLANG_WARN_ENUM_CONVERSION = YES;
				CLANG_WARN_INFINITE_RECURSION = YES;
				CLANG_WARN_INT_CONVERSION = YES;
				CLANG_WARN_NON_LITERAL_NULL_CONVERSION = YES;
				CLANG_WARN_OBJC_IMPLICIT_RETAIN_SELF = YES;
				CLANG_WARN_OBJC_LITERAL_CONVERSION = YES;
				CLANG_WARN_OBJC_ROOT_CLASS = YES_ERROR;
				CLANG_WARN_QUOTED_INCLUDE_IN_FRAMEWORK_HEADER = YES;
				CLANG_WARN_RANGE_LOOP_ANALYSIS = YES;
				CLANG_WARN_STRICT_PROTOTYPES = YES;
				CLANG_WARN_SUSPICIOUS_MOVE = YES;
				CLANG_WARN_UNGUARDED_AVAILABILITY = YES_AGGRESSIVE;
				CLANG_WARN_UNREACHABLE_CODE = YES;
				CLANG_WARN__DUPLICATE_METHOD_MATCH = YES;
				COPY_PHASE_STRIP = NO;
				DEBUG_INFORMATION_FORMAT = dwarf;
				ENABLE_STRICT_OBJC_MSGSEND = YES;
				ENABLE_TESTABILITY = YES;
				ENABLE_USER_SCRIPT_SANDBOXING = YES;
				GCC_C_LANGUAGE_STANDARD = gnu17;
				GCC_DYNAMIC_NO_PIC = NO;
				GCC_NO_COMMON_BLOCKS = YES;
				GCC_OPTIMIZATION_LEVEL = 0;
				GCC_PREPROCESSOR_DEFINITIONS = (
					"DEBUG=1",
					"$(inherited)",
				);
				GCC_WARN_64_TO_32_BIT_CONVERSION = YES;
				GCC_WARN_ABOUT_RETURN_TYPE = YES_ERROR;
				GCC_WARN_UNDECLARED_SELECTOR = YES;
				GCC_WARN_UNINITIALIZED_AUTOS = YES_AGGRESSIVE;
				GCC_WARN_UNUSED_FUNCTION = YES;
				GCC_WARN_UNUSED_VARIABLE = YES;
				IPHONEOS_DEPLOYMENT_TARGET = 17.5;
				LOCALIZATION_PREFERS_STRING_CATALOGS = YES;
				MTL_ENABLE_DEBUG_INFO = INCLUDE_SOURCE;
				MTL_FAST_MATH = YES;
				ONLY_ACTIVE_ARCH = YES;
				SDKROOT = iphoneos;
				SWIFT_ACTIVE_COMPILATION_CONDITIONS = "DEBUG $(inherited)";
				SWIFT_OPTIMIZATION_LEVEL = "-Onone";
			};
			name = Debug;
		};
		F628ADDD2D1027C400C911A3 /* Release */ = {
			isa = XCBuildConfiguration;
			buildSettings = {
				ALWAYS_SEARCH_USER_PATHS = NO;
				ASSETCATALOG_COMPILER_GENERATE_SWIFT_ASSET_SYMBOL_EXTENSIONS = YES;
				CLANG_ANALYZER_NONNULL = YES;
				CLANG_ANALYZER_NUMBER_OBJECT_CONVERSION = YES_AGGRESSIVE;
				CLANG_CXX_LANGUAGE_STANDARD = "gnu++20";
				CLANG_ENABLE_MODULES = YES;
				CLANG_ENABLE_OBJC_ARC = YES;
				CLANG_ENABLE_OBJC_WEAK = YES;
				CLANG_WARN_BLOCK_CAPTURE_AUTORELEASING = YES;
				CLANG_WARN_BOOL_CONVERSION = YES;
				CLANG_WARN_COMMA = YES;
				CLANG_WARN_CONSTANT_CONVERSION = YES;
				CLANG_WARN_DEPRECATED_OBJC_IMPLEMENTATIONS = YES;
				CLANG_WARN_DIRECT_OBJC_ISA_USAGE = YES_ERROR;
				CLANG_WARN_DOCUMENTATION_COMMENTS = YES;
				CLANG_WARN_EMPTY_BODY = YES;
				CLANG_WARN_ENUM_CONVERSION = YES;
				CLANG_WARN_INFINITE_RECURSION = YES;
				CLANG_WARN_INT_CONVERSION = YES;
				CLANG_WARN_NON_LITERAL_NULL_CONVERSION = YES;
				CLANG_WARN_OBJC_IMPLICIT_RETAIN_SELF = YES;
				CLANG_WARN_OBJC_LITERAL_CONVERSION = YES;
				CLANG_WARN_OBJC_ROOT_CLASS = YES_ERROR;
				CLANG_WARN_QUOTED_INCLUDE_IN_FRAMEWORK_HEADER = YES;
				CLANG_WARN_RANGE_LOOP_ANALYSIS = YES;
				CLANG_WARN_STRICT_PROTOTYPES = YES;
				CLANG_WARN_SUSPICIOUS_MOVE = YES;
				CLANG_WARN_UNGUARDED_AVAILABILITY = YES_AGGRESSIVE;
				CLANG_WARN_UNREACHABLE_CODE = YES;
				CLANG_WARN__DUPLICATE_METHOD_MATCH = YES;
				COPY_PHASE_STRIP = NO;
				DEBUG_INFORMATION_FORMAT = "dwarf-with-dsym";
				ENABLE_NS_ASSERTIONS = NO;
				ENABLE_STRICT_OBJC_MSGSEND = YES;
				ENABLE_USER_SCRIPT_SANDBOXING = YES;
				GCC_C_LANGUAGE_STANDARD = gnu17;
				GCC_NO_COMMON_BLOCKS = YES;
				GCC_WARN_64_TO_32_BIT_CONVERSION = YES;
				GCC_WARN_ABOUT_RETURN_TYPE = YES_ERROR;
				GCC_WARN_UNDECLARED_SELECTOR = YES;
				GCC_WARN_UNINITIALIZED_AUTOS = YES_AGGRESSIVE;
				GCC_WARN_UNUSED_FUNCTION = YES;
				GCC_WARN_UNUSED_VARIABLE = YES;
				IPHONEOS_DEPLOYMENT_TARGET = 17.5;
				LOCALIZATION_PREFERS_STRING_CATALOGS = YES;
				MTL_ENABLE_DEBUG_INFO = NO;
				MTL_FAST_MATH = YES;
				SDKROOT = iphoneos;
				SWIFT_COMPILATION_MODE = wholemodule;
				VALIDATE_PRODUCT = YES;
			};
			name = Release;
		};
		F628ADDF2D1027C400C911A3 /* Debug */ = {
			isa = XCBuildConfiguration;
			buildSettings = {
				ASSETCATALOG_COMPILER_APPICON_NAME = AppIcon;
				ASSETCATALOG_COMPILER_GLOBAL_ACCENT_COLOR_NAME = AccentColor;
				CODE_SIGN_STYLE = Automatic;
				CURRENT_PROJECT_VERSION = 1;
				DEVELOPMENT_TEAM = GGX4A3N6KJ;
				GENERATE_INFOPLIST_FILE = YES;
				INFOPLIST_FILE = "iOS Project/Info.plist";
				INFOPLIST_KEY_UIApplicationSupportsIndirectInputEvents = YES;
				INFOPLIST_KEY_UILaunchStoryboardName = LaunchScreen;
				INFOPLIST_KEY_UIMainStoryboardFile = Main;
				INFOPLIST_KEY_UISupportedInterfaceOrientations_iPad = "UIInterfaceOrientationPortrait UIInterfaceOrientationPortraitUpsideDown UIInterfaceOrientationLandscapeLeft UIInterfaceOrientationLandscapeRight";
				INFOPLIST_KEY_UISupportedInterfaceOrientations_iPhone = "UIInterfaceOrientationPortrait UIInterfaceOrientationLandscapeLeft UIInterfaceOrientationLandscapeRight";
				LD_RUNPATH_SEARCH_PATHS = (
					"$(inherited)",
					"@executable_path/Frameworks",
				);
				MARKETING_VERSION = 1.0;
				PRODUCT_BUNDLE_IDENTIFIER = "li.zhgchg.iOS-Project";
				PRODUCT_NAME = "$(TARGET_NAME)";
				SWIFT_EMIT_LOC_STRINGS = YES;
				SWIFT_VERSION = 5.0;
				TARGETED_DEVICE_FAMILY = "1,2";
			};
			name = Debug;
		};
		F628ADE02D1027C400C911A3 /* Release */ = {
			isa = XCBuildConfiguration;
			buildSettings = {
				ASSETCATALOG_COMPILER_APPICON_NAME = AppIcon;
				ASSETCATALOG_COMPILER_GLOBAL_ACCENT_COLOR_NAME = AccentColor;
				CODE_SIGN_STYLE = Automatic;
				CURRENT_PROJECT_VERSION = 1;
				DEVELOPMENT_TEAM = GGX4A3N6KJ;
				GENERATE_INFOPLIST_FILE = YES;
				INFOPLIST_FILE = "iOS Project/Info.plist";
				INFOPLIST_KEY_UIApplicationSupportsIndirectInputEvents = YES;
				INFOPLIST_KEY_UILaunchStoryboardName = LaunchScreen;
				INFOPLIST_KEY_UIMainStoryboardFile = Main;
				INFOPLIST_KEY_UISupportedInterfaceOrientations_iPad = "UIInterfaceOrientationPortrait UIInterfaceOrientationPortraitUpsideDown UIInterfaceOrientationLandscapeLeft UIInterfaceOrientationLandscapeRight";
				INFOPLIST_KEY_UISupportedInterfaceOrientations_iPhone = "UIInterfaceOrientationPortrait UIInterfaceOrientationLandscapeLeft UIInterfaceOrientationLandscapeRight";
				LD_RUNPATH_SEARCH_PATHS = (
					"$(inherited)",
					"@executable_path/Frameworks",
				);
				MARKETING_VERSION = 1.0;
				PRODUCT_BUNDLE_IDENTIFIER = "li.zhgchg.iOS-Project";
				PRODUCT_NAME = "$(TARGET_NAME)";
				SWIFT_EMIT_LOC_STRINGS = YES;
				SWIFT_VERSION = 5.0;
				TARGETED_DEVICE_FAMILY = "1,2";
			};
			name = Release;
		};
		F628ADE22D1027C400C911A3 /* Debug */ = {
			isa = XCBuildConfiguration;
			buildSettings = {
				ALWAYS_EMBED_SWIFT_STANDARD_LIBRARIES = YEGGX4A3N6KJS;
				BUNDLE_LOADER = "$(TEST_HOST)";
				CODE_SIGN_STYLE = Automatic;
				CURRENT_PROJECT_VERSION = 1;
				DEVELOPMENT_TEAM = GGX4A3N6KJ;
				GENERATE_INFOPLIST_FILE = YES;
				IPHONEOS_DEPLOYMENT_TARGET = 17.5;
				MARKETING_VERSION = 1.0;
				PRODUCT_BUNDLE_IDENTIFIER = "li.zhgchg.iOS-ProjectTests";
				PRODUCT_NAME = "$(TARGET_NAME)";
				SWIFT_EMIT_LOC_STRINGS = NO;
				SWIFT_VERSION = 5.0;
				TARGETED_DEVICE_FAMILY = "1,2";
				TEST_HOST = "$(BUILT_PRODUCTS_DIR)/iOS Project.app/$(BUNDLE_EXECUTABLE_FOLDER_PATH)/iOS Project";
			};
			name = Debug;
		};
		F628ADE32D1027C400C911A3 /* Release */ = {
			isa = XCBuildConfiguration;
			buildSettings = {
				ALWAYS_EMBED_SWIFT_STANDARD_LIBRARIES = YES;
				BUNDLE_LOADER = "$(TEST_HOST)";
				CODE_SIGN_STYLE = Automatic;
				CURRENT_PROJECT_VERSION = 1;
				DEVELOPMENT_TEAM = GGX4A3N6KJ;
				GENERATE_INFOPLIST_FILE = YES;
				IPHONEOS_DEPLOYMENT_TARGET = 17.5;
				MARKETING_VERSION = 1.0;
				PRODUCT_BUNDLE_IDENTIFIER = "li.zhgchg.iOS-ProjectTests";
				PRODUCT_NAME = "$(TARGET_NAME)";
				SWIFT_EMIT_LOC_STRINGS = NO;
				SWIFT_VERSION = 5.0;
				TARGETED_DEVICE_FAMILY = "1,2";
				TEST_HOST = "$(BUILT_PRODUCTS_DIR)/iOS Project.app/$(BUNDLE_EXECUTABLE_FOLDER_PATH)/iOS Project";
			};
			name = Release;
		};
/* End XCBuildConfiguration section */

/* Begin XCConfigurationList section */
		F628ADAF2D1027C300C911A3 /* Build configuration list for PBXProject "iOS Project" */ = {
			isa = XCConfigurationList;
			buildConfigurations = (
				F628ADDC2D1027C400C911A3 /* Debug */,
				F628ADDD2D1027C400C911A3 /* Release */,
			);
			defaultConfigurationIsVisible = 0;
			defaultConfigurationName = Release;
		};
		F628ADDE2D1027C400C911A3 /* Build configuration list for PBXNativeTarget "iOS Project" */ = {
			isa = XCConfigurationList;
			buildConfigurations = (
				F628ADDF2D1027C400C911A3 /* Debug */,
				F628ADE02D1027C400C911A3 /* Release */,
			);
			defaultConfigurationIsVisible = 0;
			defaultConfigurationName = Release;
		};
		F628ADE12D1027C400C911A3 /* Build configuration list for PBXNativeTarget "iOS ProjectTests" */ = {
			isa = XCConfigurationList;
			buildConfigurations = (
				F628ADE22D1027C400C911A3 /* Debug */,
				F628ADE32D1027C400C911A3 /* Release */,
			);
			defaultConfigurationIsVisible = 0;
			defaultConfigurationName = Release;
		};
/* End XCConfigurationList section */

/* Begin XCRemoteSwiftPackageReference section */
		F628ADF02D10286C00C911A3 /* XCRemoteSwiftPackageReference "ZMarkupParser" */ = {
			isa = XCRemoteSwiftPackageReference;
			repositoryURL = "https://github.com/ZhgChgLi/ZMarkupParser";
			requirement = {
				branch = main;
				kind = branch;
			};
		};
/* End XCRemoteSwiftPackageReference section */

/* Begin XCSwiftPackageProductDependency section */
		F628ADF12D10286C00C911A3 /* ZMarkupParser */ = {
			isa = XCSwiftPackageProductDependency;
			package = F628ADF02D10286C00C911A3 /* XCRemoteSwiftPackageReference "ZMarkupParser" */;
			productName = ZMarkupParser;
		};
/* End XCSwiftPackageProductDependency section */
	};
	rootObject = F628ADAC2D1027C300C911A3 /* Project object */;
}
