{
  "originHash" : "6cdde5d911ae278d4a2bbe5fa710289fef7f999919a273dbdb473cbd169be422",
  "pins" : [
    {
      "identity" : "zmarkupparser",
      "kind" : "remoteSourceControl",
      "location" : "https://github.com/ZhgChgLi/ZMarkupParser.git",
      "state" : {
        "branch" : "main",
        "revision" : "f25c9838e9e77ae49cc3f434ee26e669cb4043c7"
      }
    },
    {
      "identity" : "znstextattachment",
      "kind" : "remoteSourceControl",
      "location" : "https://github.com/ZhgChgLi/ZNSTextAttachment",
      "state" : {
        "revision" : "8c6c34e82eb31ad373b209cb88c2a2aff76c6cdf",
        "version" : "1.1.9"
      }
    }
  ],
  "version" : 3
}
